
Microsoft Visual Studio Solution File, Format Version 12.00
# Visual Studio Version 17
VisualStudioVersion = 17.0.31919.166
MinimumVisualStudioVersion = 10.0.40219.1
Project("{9A19103F-16F7-4668-BE54-9A1E7A4F7556}") = "TestExamples.Api", "TestExamples.Api\TestExamples.Api.csproj", "{3CA5330B-8BDE-4CDF-A9DA-C2195185164B}"
EndProject
Project("{9A19103F-16F7-4668-BE54-9A1E7A4F7556}") = "TestExamples.ViaCep", "TestExamples.ViaCep\TestExamples.ViaCep.csproj", "{506E64CD-B10A-4ECB-B51C-ECFFCAAD12BA}"
EndProject
Project("{9A19103F-16F7-4668-BE54-9A1E7A4F7556}") = "TestExamples.ViaCep.UnitTests", "TestExamples.ViaCep.UnitTests\TestExamples.ViaCep.UnitTests.csproj", "{822F227B-DE15-4054-8017-35CAA52BDF7D}"
EndProject
Project("{9A19103F-16F7-4668-BE54-9A1E7A4F7556}") = "TestExamples.Api.IntegrationTests", "TestExamples.Api.IntegrationTests\TestExamples.Api.IntegrationTests.csproj", "{A69623F4-D333-48A3-8757-0B33B075135F}"
EndProject
Project("{2150E333-8FDC-42A3-9474-1A3956D46DE8}") = "tests", "tests", "{B4B63063-BB42-4888-963B-CC4D640A325B}"
EndProject
Project("{2150E333-8FDC-42A3-9474-1A3956D46DE8}") = "Solution Items", "Solution Items", "{F04C7BE4-0AE8-4388-8DC0-DD78B179D843}"
	ProjectSection(SolutionItems) = preProject
		..\README.md = ..\README.md
	EndProjectSection
EndProject
Global
	GlobalSection(SolutionConfigurationPlatforms) = preSolution
		Debug|Any CPU = Debug|Any CPU
		Release|Any CPU = Release|Any CPU
	EndGlobalSection
	GlobalSection(ProjectConfigurationPlatforms) = postSolution
		{3CA5330B-8BDE-4CDF-A9DA-C2195185164B}.Debug|Any CPU.ActiveCfg = Debug|Any CPU
		{3CA5330B-8BDE-4CDF-A9DA-C2195185164B}.Debug|Any CPU.Build.0 = Debug|Any CPU
		{3CA5330B-8BDE-4CDF-A9DA-C2195185164B}.Release|Any CPU.ActiveCfg = Release|Any CPU
		{3CA5330B-8BDE-4CDF-A9DA-C2195185164B}.Release|Any CPU.Build.0 = Release|Any CPU
		{506E64CD-B10A-4ECB-B51C-ECFFCAAD12BA}.Debug|Any CPU.ActiveCfg = Debug|Any CPU
		{506E64CD-B10A-4ECB-B51C-ECFFCAAD12BA}.Debug|Any CPU.Build.0 = Debug|Any CPU
		{506E64CD-B10A-4ECB-B51C-ECFFCAAD12BA}.Release|Any CPU.ActiveCfg = Release|Any CPU
		{506E64CD-B10A-4ECB-B51C-ECFFCAAD12BA}.Release|Any CPU.Build.0 = Release|Any CPU
		{822F227B-DE15-4054-8017-35CAA52BDF7D}.Debug|Any CPU.ActiveCfg = Debug|Any CPU
		{822F227B-DE15-4054-8017-35CAA52BDF7D}.Debug|Any CPU.Build.0 = Debug|Any CPU
		{822F227B-DE15-4054-8017-35CAA52BDF7D}.Release|Any CPU.ActiveCfg = Release|Any CPU
		{822F227B-DE15-4054-8017-35CAA52BDF7D}.Release|Any CPU.Build.0 = Release|Any CPU
		{A69623F4-D333-48A3-8757-0B33B075135F}.Debug|Any CPU.ActiveCfg = Debug|Any CPU
		{A69623F4-D333-48A3-8757-0B33B075135F}.Debug|Any CPU.Build.0 = Debug|Any CPU
		{A69623F4-D333-48A3-8757-0B33B075135F}.Release|Any CPU.ActiveCfg = Release|Any CPU
		{A69623F4-D333-48A3-8757-0B33B075135F}.Release|Any CPU.Build.0 = Release|Any CPU
	EndGlobalSection
	GlobalSection(SolutionProperties) = preSolution
		HideSolutionNode = FALSE
	EndGlobalSection
	GlobalSection(NestedProjects) = preSolution
		{822F227B-DE15-4054-8017-35CAA52BDF7D} = {B4B63063-BB42-4888-963B-CC4D640A325B}
		{A69623F4-D333-48A3-8757-0B33B075135F} = {B4B63063-BB42-4888-963B-CC4D640A325B}
	EndGlobalSection
	GlobalSection(ExtensibilityGlobals) = postSolution
		SolutionGuid = {D1C30621-4B4B-49EF-BC47-F40C828E2C76}
	EndGlobalSection
EndGlobal
